
Microsoft Visual Studio Solution File, Format Version 12.00
# Visual Studio Version 17
VisualStudioVersion = 17.4.33110.190
MinimumVisualStudioVersion = 10.0.40219.1
Project("{FAE04EC0-301F-11D3-BF4B-00C04F79EFBC}") = "BST", "BST\BST.csproj", "{FD4BDA67-20B4-4093-ACF6-8C79478E2C3E}"
EndProject
Global
	GlobalSection(SolutionConfigurationPlatforms) = preSolution
		Debug|Any CPU = Debug|Any CPU
		Release|Any CPU = Release|Any CPU
	EndGlobalSection
	GlobalSection(ProjectConfigurationPlatforms) = postSolution
		{FD4BDA67-20B4-4093-ACF6-8C79478E2C3E}.Debug|Any CPU.ActiveCfg = Debug|Any CPU
		{FD4BDA67-20B4-4093-ACF6-8C79478E2C3E}.Debug|Any CPU.Build.0 = Debug|Any CPU
		{FD4BDA67-20B4-4093-ACF6-8C79478E2C3E}.Release|Any CPU.ActiveCfg = Release|Any CPU
		{FD4BDA67-20B4-4093-ACF6-8C79478E2C3E}.Release|Any CPU.Build.0 = Release|Any CPU
	EndGlobalSection
	GlobalSection(SolutionProperties) = preSolution
		HideSolutionNode = FALSE
	EndGlobalSection
	GlobalSection(ExtensibilityGlobals) = postSolution
		SolutionGuid = {BE8B883E-BB25-4492-8330-D7FACDE6F8A6}
	EndGlobalSection
EndGlobal
